
Microsoft Visual Studio Solution File, Format Version 12.00
# Visual Studio Version 17
VisualStudioVersion = 17.9.34902.65
MinimumVisualStudioVersion = 10.0.40219.1
Project("{FAE04EC0-301F-11D3-BF4B-00C04F79EFBC}") = "RegistrationMock", "RegistrationMock\RegistrationMock.csproj", "{0A443FFE-963D-4D90-83D1-4941BBE10C59}"
EndProject
Global
	GlobalSection(SolutionConfigurationPlatforms) = preSolution
		Debug|Any CPU = Debug|Any CPU
		Release|Any CPU = Release|Any CPU
	EndGlobalSection
	GlobalSection(ProjectConfigurationPlatforms) = postSolution
		{0A443FFE-963D-4D90-83D1-4941BBE10C59}.Debug|Any CPU.ActiveCfg = Debug|Any CPU
		{0A443FFE-963D-4D90-83D1-4941BBE10C59}.Debug|Any CPU.Build.0 = Debug|Any CPU
		{0A443FFE-963D-4D90-83D1-4941BBE10C59}.Release|Any CPU.ActiveCfg = Release|Any CPU
		{0A443FFE-963D-4D90-83D1-4941BBE10C59}.Release|Any CPU.Build.0 = Release|Any CPU
	EndGlobalSection
	GlobalSection(SolutionProperties) = preSolution
		HideSolutionNode = FALSE
	EndGlobalSection
	GlobalSection(ExtensibilityGlobals) = postSolution
		SolutionGuid = {26260B03-0EFF-4AE1-902D-0A597CC4D250}
	EndGlobalSection
EndGlobal
